
Microsoft Visual Studio Solution File, Format Version 12.00
# Visual Studio 15
VisualStudioVersion = 15.0.28010.2016
MinimumVisualStudioVersion = 10.0.40219.1
Project("{9A19103F-16F7-4668-BE54-9A1E7A4F7556}") = "Y4C2", "Y4C2\Y4C2.csproj", "{AE718EBF-A4F7-485C-8918-A0BB7D1DD3B8}"
EndProject
Global
	GlobalSection(SolutionConfigurationPlatforms) = preSolution
		Debug|Any CPU = Debug|Any CPU
		Release|Any CPU = Release|Any CPU
	EndGlobalSection
	GlobalSection(ProjectConfigurationPlatforms) = postSolution
		{AE718EBF-A4F7-485C-8918-A0BB7D1DD3B8}.Debug|Any CPU.ActiveCfg = Debug|Any CPU
		{AE718EBF-A4F7-485C-8918-A0BB7D1DD3B8}.Debug|Any CPU.Build.0 = Debug|Any CPU
		{AE718EBF-A4F7-485C-8918-A0BB7D1DD3B8}.Release|Any CPU.ActiveCfg = Release|Any CPU
		{AE718EBF-A4F7-485C-8918-A0BB7D1DD3B8}.Release|Any CPU.Build.0 = Release|Any CPU
	EndGlobalSection
	GlobalSection(SolutionProperties) = preSolution
		HideSolutionNode = FALSE
	EndGlobalSection
	GlobalSection(ExtensibilityGlobals) = postSolution
		SolutionGuid = {E32C7F21-6FCC-4B71-8F7E-673E577AC73E}
	EndGlobalSection
EndGlobal
